
Microsoft Visual Studio Solution File, Format Version 12.00
# Visual Studio Version 17
VisualStudioVersion = 17.9.34723.18
MinimumVisualStudioVersion = 10.0.40219.1
Project("{FAE04EC0-301F-11D3-BF4B-00C04F79EFBC}") = "ConsoleApp3", "ConsoleApp3.csproj", "{5557268A-DC61-446B-8E9B-C0D029D9C295}"
EndProject
Global
	GlobalSection(SolutionConfigurationPlatforms) = preSolution
		Debug|Any CPU = Debug|Any CPU
		Release|Any CPU = Release|Any CPU
	EndGlobalSection
	GlobalSection(ProjectConfigurationPlatforms) = postSolution
		{5557268A-DC61-446B-8E9B-C0D029D9C295}.Debug|Any CPU.ActiveCfg = Debug|Any CPU
		{5557268A-DC61-446B-8E9B-C0D029D9C295}.Debug|Any CPU.Build.0 = Debug|Any CPU
		{5557268A-DC61-446B-8E9B-C0D029D9C295}.Release|Any CPU.ActiveCfg = Release|Any CPU
		{5557268A-DC61-446B-8E9B-C0D029D9C295}.Release|Any CPU.Build.0 = Release|Any CPU
	EndGlobalSection
	GlobalSection(SolutionProperties) = preSolution
		HideSolutionNode = FALSE
	EndGlobalSection
	GlobalSection(ExtensibilityGlobals) = postSolution
		SolutionGuid = {5F4E9342-1AE3-455F-ABC0-D4C584762BA6}
	EndGlobalSection
EndGlobal
